<?xml version="1.0" encoding="utf-8"?>
<Project ToolsVersion="4.0" xmlns="http://schemas.microsoft.com/developer/msbuild/2003">
  <ItemGroup>
    <ClInclude Include="stdafx.h" />
    <ClInclude Include="targetver.h" />
    <ClInclude Include="MainGame.h" />
    <ClInclude Include="GameNode.h" />
    <ClInclude Include="MyFunc.h" />
    <ClInclude Include="Object\Rect.h" />
    <ClInclude Include="Object\Circle.h" />
    <ClInclude Include="Singleton\SoundManager.h" />
    <ClInclude Include="Singleton\SingletonBase.h" />
    <ClInclude Include="Singleton\TimeManager.h" />
    <ClInclude Include="Singleton\KeyManager.h" />
    <ClInclude Include="Object\Shader.h" />
    <ClInclude Include="Singleton\CameraManager.h" />
    <ClInclude Include="Object\Image.h" />
    <ClInclude Include="Singleton\ImageManager.h" />
    <ClInclude Include="Singleton\WriteManager.h" />
    <ClInclude Include="Singleton\Astar.h" />
    <ClInclude Include="Map\MapTool.h" />
    <ClInclude Include="Map\TileMap.h" />
    <ClInclude Include="Map\MapInfo.h" />
    <ClInclude Include="Object\Model.h" />
    <ClInclude Include="Object\InstanceShader.h" />
    <ClInclude Include="Object\InstanceImage.h" />
    <ClInclude Include="Object\TileTexture.h" />
    <ClInclude Include="BspTree\BspTreeHelper.h" />
    <ClInclude Include="BspTree\BspTreeNode.h" />
    <ClInclude Include="Singleton\InstanceImageManager.h" />
    <ClInclude Include="Singleton\MapMaker.h" />
    <ClInclude Include="MiniGame\MainSceen.h" />
    <ClInclude Include="MiniGame\LoadingSceen.h" />
    <ClInclude Include="Singleton\SceneManager.h" />
    <ClInclude Include="Singleton\MapManager.h" />
    <ClInclude Include="Singleton\VideoManager.h" />
    <ClInclude Include="MiniGame\IntroSceen.h" />
    <ClInclude Include="Beat\BeatDetection.h" />
    <ClInclude Include="Singleton\ObjectPool.h" />
    <ClInclude Include="MiniGame\FileSelect.h" />
    <ClInclude Include="Charter\Charter.h" />
    <ClInclude Include="Charter\Player.h" />
    <ClInclude Include="Charter\Skeleton.h" />
    <ClInclude Include="Charter\EnemyBase.h" />
    <ClInclude Include="Charter\CharcterManager.h" />
    <ClInclude Include="Item\ItemManager.h" />
    <ClInclude Include="Item\ItemBase.h" />
    <ClInclude Include="Item\Dagger.h" />
    <ClInclude Include="Item\Weppon.h" />
    <ClInclude Include="Item\ShovelBasic.h" />
    <ClInclude Include="Item\Shovel.h" />
    <ClInclude Include="Item\Coin.h" />
    <ClInclude Include="MiniGame\BossStage.h" />
    <ClInclude Include="Charter\Jombi.h" />
    <ClInclude Include="Charter\Kingkongga.h" />
    <ClInclude Include="MiniGame\LobbyStage.h" />
    <ClInclude Include="UI\DieUI.h" />
    <ClInclude Include="UI\PlayerUI.h" />
    <ClInclude Include="UI\UIManager.h" />
    <ClInclude Include="UI\WinUI.h" />
    <ClInclude Include="Singleton\GameInfo.h" />
    <ClInclude Include="UI\OptionUI.h" />
    <ClInclude Include="Map\Shop.h" />
    <ClInclude Include="Item\BackPack.h" />
    <ClInclude Include="Item\HeartItem.h" />
    <ClInclude Include="Item\Armor.h" />
    <ClInclude Include="Item\LetherArmor.h" />
    <ClInclude Include="Item\KeyItem.h" />
    <ClInclude Include="Singleton\MeoryPool.h" />
    <ClInclude Include="Trap\TrapManager.h" />
    <ClInclude Include="Trap\TrapBase.h" />
    <ClInclude Include="Trap\Box.h" />
    <ClInclude Include="Trap\MoveTrap.h" />
    <ClInclude Include="Trap\SpikeTrap.h" />
    <ClInclude Include="Item\BorodSword.h" />
    <ClInclude Include="Item\Whip.h" />
    <ClInclude Include="Charter\Slime.h" />
    <ClInclude Include="Charter\Minotaur.h" />
    <ClInclude Include="Item\Chainmail.h" />
    <ClInclude Include="Item\Platemail.h" />
    <ClInclude Include="Beat\FFTDetector.h" />
    <ClInclude Include="Item\Head.h" />
    <ClInclude Include="Item\Feet.h" />
    <ClInclude Include="Item\FeetGreaves.h" />
    <ClInclude Include="Item\HeadHelmet.h" />
  </ItemGroup>
  <ItemGroup>
    <ClCompile Include="WinAPI32.cpp" />
    <ClCompile Include="MainGame.cpp" />
    <ClCompile Include="Object\Rect.cpp" />
    <ClCompile Include="Object\Circle.cpp" />
    <ClCompile Include="Singleton\SoundManager.cpp" />
    <ClCompile Include="Singleton\TimeManager.cpp" />
    <ClCompile Include="Singleton\KeyManager.cpp" />
    <ClCompile Include="Object\Shader.cpp" />
    <ClCompile Include="Singleton\CameraManager.cpp" />
    <ClCompile Include="Object\Image.cpp" />
    <ClCompile Include="Singleton\ImageManager.cpp" />
    <ClCompile Include="Singleton\WriteManager.cpp" />
    <ClCompile Include="Singleton\Astar.cpp" />
    <ClCompile Include="Map\MapTool.cpp" />
    <ClCompile Include="Map\TileMap.cpp" />
    <ClCompile Include="Map\MapInfo.cpp" />
    <ClCompile Include="Object\Model.cpp" />
    <ClCompile Include="Object\InstanceShader.cpp" />
    <ClCompile Include="Object\InstanceImage.cpp" />
    <ClCompile Include="Object\TileTexture.cpp" />
    <ClCompile Include="BspTree\BspTreeNode.cpp" />
    <ClCompile Include="BspTree\BspTreeHelper.cpp" />
    <ClCompile Include="Singleton\InstanceImageManager.cpp" />
    <ClCompile Include="Singleton\MapMaker.cpp" />
    <ClCompile Include="MiniGame\MainSceen.cpp" />
    <ClCompile Include="MiniGame\LoadingSceen.cpp" />
    <ClCompile Include="Singleton\SceneManager.cpp" />
    <ClCompile Include="Singleton\MapManager.cpp" />
    <ClCompile Include="MiniGame\IntroSceen.cpp" />
    <ClCompile Include="Beat\BeatDetection.cpp" />
    <ClCompile Include="MiniGame\FileSelect.cpp" />
    <ClCompile Include="Charter\Charter.cpp" />
    <ClCompile Include="Charter\Player.cpp" />
    <ClCompile Include="Charter\Skeleton.cpp" />
    <ClCompile Include="Charter\EnemyBase.cpp" />
    <ClCompile Include="Charter\CharcterManager.cpp" />
    <ClCompile Include="Item\ItemManager.cpp" />
    <ClCompile Include="Item\ItemBase.cpp" />
    <ClCompile Include="Item\Dagger.cpp" />
    <ClCompile Include="Item\Weppon.cpp" />
    <ClCompile Include="Item\ShovelBasic.cpp" />
    <ClCompile Include="Item\Shovel.cpp" />
    <ClCompile Include="Item\Coin.cpp" />
    <ClCompile Include="MiniGame\BossStage.cpp" />
    <ClCompile Include="Charter\Jombi.cpp" />
    <ClCompile Include="Charter\Kingkongga.cpp" />
    <ClCompile Include="MiniGame\LobbyStage.cpp" />
    <ClCompile Include="UI\DieUI.cpp" />
    <ClCompile Include="UI\PlayerUI.cpp" />
    <ClCompile Include="UI\UIManager.cpp" />
    <ClCompile Include="UI\WinUI.cpp" />
    <ClCompile Include="Singleton\VideoManager.cpp" />
    <ClCompile Include="Singleton\GameInfo.cpp" />
    <ClCompile Include="UI\OptionUI.cpp" />
    <ClCompile Include="Map\Shop.cpp" />
    <ClCompile Include="Item\BackPack.cpp" />
    <ClCompile Include="Item\HeartItem.cpp" />
    <ClCompile Include="Item\Armor.cpp" />
    <ClCompile Include="Item\LetherArmor.cpp" />
    <ClCompile Include="Item\KeyItem.cpp" />
    <ClCompile Include="Trap\TrapManager.cpp" />
    <ClCompile Include="Trap\TrapBase.cpp" />
    <ClCompile Include="Trap\Box.cpp" />
    <ClCompile Include="Trap\MoveTrap.cpp" />
    <ClCompile Include="Trap\SpikeTrap.cpp" />
    <ClCompile Include="Item\BorodSword.cpp" />
    <ClCompile Include="Item\Whip.cpp" />
    <ClCompile Include="Charter\Slime.cpp" />
    <ClCompile Include="Charter\Minotaur.cpp" />
    <ClCompile Include="Item\Chainmail.cpp" />
    <ClCompile Include="Item\Platemail.cpp" />
    <ClCompile Include="Beat\FFTDetector.cpp" />
    <ClCompile Include="Item\Head.cpp" />
    <ClCompile Include="Item\Feet.cpp" />
    <ClCompile Include="Item\FeetGreaves.cpp" />
    <ClCompile Include="Item\HeadHelmet.cpp" />
  </ItemGroup>
  <ItemGroup>
    <None Include="Object\Basic.hlsl" />
    <None Include="Object\Image.hlsl" />
    <None Include="Shader\InstancepsShader.hlsl" />
    <None Include="Shader\InstancevsShader.hlsl" />
    <None Include="cpp.hint" />
  </ItemGroup>
</Project>